
Microsoft Visual Studio Solution File, Format Version 12.00
# Visual Studio Version 17
VisualStudioVersion = 17.14.36301.6
MinimumVisualStudioVersion = 10.0.40219.1
Project("{2150E333-8FDC-42A3-9474-1A3956D46DE8}") = "Services", "Services", "{02EA681E-C7D8-13C7-8484-4AC65E1B71E8}"
EndProject
Project("{2150E333-8FDC-42A3-9474-1A3956D46DE8}") = "Catalog", "Catalog", "{901933D4-B268-4319-BB8E-649A8756BF28}"
EndProject
Project("{FAE04EC0-301F-11D3-BF4B-00C04F79EFBC}") = "Catalog.API", "Services\Catalog\Catalog.API\Catalog.API.csproj", "{30A7BA21-257E-4172-9ACC-1F46A8DC6593}"
EndProject
Project("{2150E333-8FDC-42A3-9474-1A3956D46DE8}") = "BuildingBlocks", "BuildingBlocks", "{06CC5971-F8FD-4D64-A8E5-FBE12A08059E}"
EndProject
Project("{FAE04EC0-301F-11D3-BF4B-00C04F79EFBC}") = "BuildingBlocks", "BuildingBlocks\BuildingBlocks\BuildingBlocks.csproj", "{FA4EAEBC-373C-4795-8BAA-01C5D9DCD1AF}"
EndProject
Project("{E53339B2-1760-4266-BCC7-CA923CBCF16C}") = "docker-compose", "docker-compose.dcproj", "{81DDED9D-158B-E303-5F62-77A2896D2A5A}"
EndProject
Project("{2150E333-8FDC-42A3-9474-1A3956D46DE8}") = "Basket", "Basket", "{582E0F87-9C0B-4597-9875-644768A7673B}"
EndProject
Project("{FAE04EC0-301F-11D3-BF4B-00C04F79EFBC}") = "Basket.API", "Services\Basket\Basket.API\Basket.API.csproj", "{11A03F80-60BB-4D09-BD77-C574B78D320C}"
EndProject
Project("{2150E333-8FDC-42A3-9474-1A3956D46DE8}") = "Discount", "Discount", "{AFDE46F4-F1E9-413B-9CEB-6D079163F7AD}"
EndProject
Project("{FAE04EC0-301F-11D3-BF4B-00C04F79EFBC}") = "Discount.Grpc", "Services\Discount\Discount.Grpc\Discount.Grpc.csproj", "{D65F05B8-7C6A-4FCA-8F4B-E04F398C2F32}"
EndProject
Global
	GlobalSection(SolutionConfigurationPlatforms) = preSolution
		Debug|Any CPU = Debug|Any CPU
		Release|Any CPU = Release|Any CPU
	EndGlobalSection
	GlobalSection(ProjectConfigurationPlatforms) = postSolution
		{30A7BA21-257E-4172-9ACC-1F46A8DC6593}.Debug|Any CPU.ActiveCfg = Debug|Any CPU
		{30A7BA21-257E-4172-9ACC-1F46A8DC6593}.Debug|Any CPU.Build.0 = Debug|Any CPU
		{30A7BA21-257E-4172-9ACC-1F46A8DC6593}.Release|Any CPU.ActiveCfg = Release|Any CPU
		{30A7BA21-257E-4172-9ACC-1F46A8DC6593}.Release|Any CPU.Build.0 = Release|Any CPU
		{FA4EAEBC-373C-4795-8BAA-01C5D9DCD1AF}.Debug|Any CPU.ActiveCfg = Debug|Any CPU
		{FA4EAEBC-373C-4795-8BAA-01C5D9DCD1AF}.Debug|Any CPU.Build.0 = Debug|Any CPU
		{FA4EAEBC-373C-4795-8BAA-01C5D9DCD1AF}.Release|Any CPU.ActiveCfg = Release|Any CPU
		{FA4EAEBC-373C-4795-8BAA-01C5D9DCD1AF}.Release|Any CPU.Build.0 = Release|Any CPU
		{81DDED9D-158B-E303-5F62-77A2896D2A5A}.Debug|Any CPU.ActiveCfg = Debug|Any CPU
		{81DDED9D-158B-E303-5F62-77A2896D2A5A}.Debug|Any CPU.Build.0 = Debug|Any CPU
		{81DDED9D-158B-E303-5F62-77A2896D2A5A}.Release|Any CPU.ActiveCfg = Release|Any CPU
		{81DDED9D-158B-E303-5F62-77A2896D2A5A}.Release|Any CPU.Build.0 = Release|Any CPU
		{11A03F80-60BB-4D09-BD77-C574B78D320C}.Debug|Any CPU.ActiveCfg = Debug|Any CPU
		{11A03F80-60BB-4D09-BD77-C574B78D320C}.Debug|Any CPU.Build.0 = Debug|Any CPU
		{11A03F80-60BB-4D09-BD77-C574B78D320C}.Release|Any CPU.ActiveCfg = Release|Any CPU
		{11A03F80-60BB-4D09-BD77-C574B78D320C}.Release|Any CPU.Build.0 = Release|Any CPU
		{D65F05B8-7C6A-4FCA-8F4B-E04F398C2F32}.Debug|Any CPU.ActiveCfg = Debug|Any CPU
		{D65F05B8-7C6A-4FCA-8F4B-E04F398C2F32}.Debug|Any CPU.Build.0 = Debug|Any CPU
		{D65F05B8-7C6A-4FCA-8F4B-E04F398C2F32}.Release|Any CPU.ActiveCfg = Release|Any CPU
		{D65F05B8-7C6A-4FCA-8F4B-E04F398C2F32}.Release|Any CPU.Build.0 = Release|Any CPU
	EndGlobalSection
	GlobalSection(SolutionProperties) = preSolution
		HideSolutionNode = FALSE
	EndGlobalSection
	GlobalSection(NestedProjects) = preSolution
		{901933D4-B268-4319-BB8E-649A8756BF28} = {02EA681E-C7D8-13C7-8484-4AC65E1B71E8}
		{30A7BA21-257E-4172-9ACC-1F46A8DC6593} = {901933D4-B268-4319-BB8E-649A8756BF28}
		{FA4EAEBC-373C-4795-8BAA-01C5D9DCD1AF} = {06CC5971-F8FD-4D64-A8E5-FBE12A08059E}
		{582E0F87-9C0B-4597-9875-644768A7673B} = {02EA681E-C7D8-13C7-8484-4AC65E1B71E8}
		{11A03F80-60BB-4D09-BD77-C574B78D320C} = {582E0F87-9C0B-4597-9875-644768A7673B}
		{AFDE46F4-F1E9-413B-9CEB-6D079163F7AD} = {02EA681E-C7D8-13C7-8484-4AC65E1B71E8}
		{D65F05B8-7C6A-4FCA-8F4B-E04F398C2F32} = {AFDE46F4-F1E9-413B-9CEB-6D079163F7AD}
	EndGlobalSection
	GlobalSection(ExtensibilityGlobals) = postSolution
		SolutionGuid = {BD1D59F3-B7BB-4FCE-9644-75E5DB3A7AF3}
	EndGlobalSection
EndGlobal
